<Solution>
  <Folder Name="/src/">
    <Project Path="src/FlyingAzure.Core/FlyingAzure.Core.csproj" />
    <Project Path="src/FlyingAzure.Engine/FlyingAzure.Engine.csproj" />
    <Project Path="src/FlyingAzure/FlyingAzure.csproj" />
  </Folder>
  <Folder Name="/tests/">
    <Project Path="tests/FlyingAzure.Core.Tests/FlyingAzure.Core.Tests.csproj" />
    <Project Path="tests/FlyingAzure.Engine.Tests/FlyingAzure.Engine.Tests.csproj" />
  </Folder>
</Solution>
